
Microsoft Visual Studio Solution File, Format Version 12.00
# Visual Studio Version 17
VisualStudioVersion = 17.7.34202.233
MinimumVisualStudioVersion = 10.0.40219.1
Project("{9A19103F-16F7-4668-BE54-9A1E7A4F7556}") = "TestingProject", "TestingProject.csproj", "{3D045E84-C80B-4AE2-9E8D-20054BFF1CB2}"
EndProject
Global
	GlobalSection(SolutionConfigurationPlatforms) = preSolution
		Debug|Any CPU = Debug|Any CPU
		Release|Any CPU = Release|Any CPU
	EndGlobalSection
	GlobalSection(ProjectConfigurationPlatforms) = postSolution
		{3D045E84-C80B-4AE2-9E8D-20054BFF1CB2}.Debug|Any CPU.ActiveCfg = Debug|Any CPU
		{3D045E84-C80B-4AE2-9E8D-20054BFF1CB2}.Debug|Any CPU.Build.0 = Debug|Any CPU
		{3D045E84-C80B-4AE2-9E8D-20054BFF1CB2}.Release|Any CPU.ActiveCfg = Release|Any CPU
		{3D045E84-C80B-4AE2-9E8D-20054BFF1CB2}.Release|Any CPU.Build.0 = Release|Any CPU
	EndGlobalSection
	GlobalSection(SolutionProperties) = preSolution
		HideSolutionNode = FALSE
	EndGlobalSection
	GlobalSection(ExtensibilityGlobals) = postSolution
		SolutionGuid = {2913054A-4A68-4827-9574-F1006FE5F82B}
	EndGlobalSection
EndGlobal
